<?xml version="1.0" encoding="utf-8"?>
<Project ToolsVersion="4.0" xmlns="http://schemas.microsoft.com/developer/msbuild/2003">
  <ItemGroup>
    <Filter Include="Resource">
      <UniqueIdentifier>{afea18ab-a8a1-4f4c-b7cb-b61d1db7c846}</UniqueIdentifier>
    </Filter>
    <Filter Include="Shader">
      <UniqueIdentifier>{255ca603-ac79-4a2f-818e-a546ec0e808a}</UniqueIdentifier>
    </Filter>
    <Filter Include="Source">
      <UniqueIdentifier>{4bb2e0f8-e892-497a-b3d0-a752e79c20fa}</UniqueIdentifier>
    </Filter>
    <Filter Include="Source\DirectX">
      <UniqueIdentifier>{081c13db-b90f-4b43-b874-c0bfeb26c614}</UniqueIdentifier>
    </Filter>
    <Filter Include="Source\GameObject">
      <UniqueIdentifier>{e3b58cda-250f-4d6b-a528-a24abe9aba64}</UniqueIdentifier>
    </Filter>
    <Filter Include="Source\Sprite3D">
      <UniqueIdentifier>{12745241-d010-4d17-becc-c603257bfadb}</UniqueIdentifier>
    </Filter>
    <Filter Include="Source\Sprite2D">
      <UniqueIdentifier>{0b436677-f236-4418-8f8a-6d2d08aceb65}</UniqueIdentifier>
    </Filter>
    <Filter Include="Source\GameObject\UIObject">
      <UniqueIdentifier>{110137ba-2a60-4ce0-b7fd-8edf61fe7ac6}</UniqueIdentifier>
    </Filter>
    <Filter Include="Source\DebugText">
      <UniqueIdentifier>{e4284e5a-1c13-4bbc-916a-1ab5190917d6}</UniqueIdentifier>
    </Filter>
    <Filter Include="Source\StaticMesh">
      <UniqueIdentifier>{04a8d26e-26e7-4270-a99d-489d6083f939}</UniqueIdentifier>
    </Filter>
    <Filter Include="Source\GameObject\StaticMeshObject">
      <UniqueIdentifier>{c115b3d2-026a-40be-b5a2-02f83decb695}</UniqueIdentifier>
    </Filter>
    <Filter Include="Source\GameObject\SpriteObject">
      <UniqueIdentifier>{cca73fca-1a9b-4392-8b37-bffb05ad32a7}</UniqueIdentifier>
    </Filter>
    <Filter Include="Source\BoundingSphere">
      <UniqueIdentifier>{fed4633c-ed5b-4e9f-ba05-83315a3f326f}</UniqueIdentifier>
    </Filter>
    <Filter Include="Source\SkinMesh">
      <UniqueIdentifier>{7772785f-4812-48b4-a2c0-c8e86f9204a4}</UniqueIdentifier>
    </Filter>
    <Filter Include="Source\GameObject\SkinMeshObject">
      <UniqueIdentifier>{d80e67ff-b793-45c4-87c9-2da8a23887d7}</UniqueIdentifier>
    </Filter>
    <Filter Include="Source\CXInput">
      <UniqueIdentifier>{9f880a41-675b-44fb-8720-41f4b1b90644}</UniqueIdentifier>
    </Filter>
    <Filter Include="Source\Scene">
      <UniqueIdentifier>{38ea76bf-f63a-4733-9afd-630c6d43d268}</UniqueIdentifier>
    </Filter>
    <Filter Include="Source\Main">
      <UniqueIdentifier>{e8b421b4-b595-4d12-a5bb-c9d77af68932}</UniqueIdentifier>
    </Filter>
    <Filter Include="Source\Scene\Game">
      <UniqueIdentifier>{fcb3b083-99fb-44f6-91af-df2cd2d5a15f}</UniqueIdentifier>
    </Filter>
    <Filter Include="Source\Scene\CTitle">
      <UniqueIdentifier>{d0dd9f13-7754-4619-971b-56137f717d16}</UniqueIdentifier>
    </Filter>
    <Filter Include="Source\GameObject\SpriteObject\UI">
      <UniqueIdentifier>{d65774c1-37b6-4a33-b791-e4b6e1e524db}</UniqueIdentifier>
    </Filter>
    <Filter Include="Source\GameObject\SpriteObject\UI\CTime">
      <UniqueIdentifier>{9b4c8d6d-5682-46c7-875f-7a3408892042}</UniqueIdentifier>
    </Filter>
    <Filter Include="Source\Collision">
      <UniqueIdentifier>{49672032-2fdb-4cc6-84a1-12bad1d4f431}</UniqueIdentifier>
    </Filter>
    <Filter Include="Source\Scene\CResult">
      <UniqueIdentifier>{572b818b-1fd4-435e-bb97-6bb6a6f1a2d5}</UniqueIdentifier>
    </Filter>
    <Filter Include="Source\CCamera">
      <UniqueIdentifier>{6ac7a9ea-fb68-4043-a408-1a6c0335df88}</UniqueIdentifier>
    </Filter>
    <Filter Include="Source\GameObject\SpriteObject\UI\CFade">
      <UniqueIdentifier>{fc0a0b18-5735-4175-81d0-550eeb4c9741}</UniqueIdentifier>
    </Filter>
    <Filter Include="Source\CSV">
      <UniqueIdentifier>{f0282e4c-aaa8-4cb3-9cb9-d7162c1d8267}</UniqueIdentifier>
    </Filter>
    <Filter Include="Source\Scene\CSelect">
      <UniqueIdentifier>{fe060c5f-2934-450e-8181-972036530326}</UniqueIdentifier>
    </Filter>
    <Filter Include="Source\Scene\CGameData">
      <UniqueIdentifier>{02e2ef5a-e7c1-4cc0-8a90-a63c9eaf9559}</UniqueIdentifier>
    </Filter>
    <Filter Include="Source\GameObject\UIObject\CSelectUI">
      <UniqueIdentifier>{1c73a696-ec62-43bc-acca-2dfe7a108f5c}</UniqueIdentifier>
    </Filter>
    <Filter Include="Source\Scene\SelectText">
      <UniqueIdentifier>{5ceda0a1-d660-4a5f-b1ce-9264244e4e42}</UniqueIdentifier>
    </Filter>
    <Filter Include="Source\GameObject\UIObject\CRanking">
      <UniqueIdentifier>{f757014d-f828-4b47-92cb-674ed803f2f5}</UniqueIdentifier>
    </Filter>
    <Filter Include="Source\GameObject\UIObject\CScoreManager">
      <UniqueIdentifier>{ac4279f2-2f5e-4a5e-8036-709e36dacb41}</UniqueIdentifier>
    </Filter>
    <Filter Include="Source\GameObject\UIObject\CScoreManager\Score">
      <UniqueIdentifier>{1933a050-6726-4cc5-870c-686c0a5cc745}</UniqueIdentifier>
    </Filter>
    <Filter Include="Source\Scene\SceneManager">
      <UniqueIdentifier>{61a8cd74-cd5c-4d70-8976-9ece5c70e573}</UniqueIdentifier>
    </Filter>
    <Filter Include="Source\Collision\CollsionBase">
      <UniqueIdentifier>{10c21a33-90da-456b-abc2-a3d064f2565c}</UniqueIdentifier>
    </Filter>
    <Filter Include="Source\Collision\CollsionBase\Collider">
      <UniqueIdentifier>{55e1621e-01f0-4433-8c8f-17a3f23e8777}</UniqueIdentifier>
    </Filter>
    <Filter Include="Source\Collision\CollsionBase\Collider\Sphere">
      <UniqueIdentifier>{0ddbd52e-8bb4-4295-8ccb-ce49ca012d2e}</UniqueIdentifier>
    </Filter>
    <Filter Include="Source\Collision\CollsionBase\Collider\Capsule">
      <UniqueIdentifier>{827f78d1-b97c-49c8-b773-30dd7e9e032d}</UniqueIdentifier>
    </Filter>
    <Filter Include="Source\Collision\CollsionBase\Collider\Box">
      <UniqueIdentifier>{00c67377-0bf1-46a4-ba9f-dc493598d348}</UniqueIdentifier>
    </Filter>
    <Filter Include="Source\Collision\CollisionManager">
      <UniqueIdentifier>{e644fe6a-e90a-4281-95c7-001dd40e1931}</UniqueIdentifier>
    </Filter>
    <Filter Include="Source\Collision\CreateCollider">
      <UniqueIdentifier>{1af454cd-b6fe-448a-adf2-9f7eee497d26}</UniqueIdentifier>
    </Filter>
    <Filter Include="Source\Collision\CollisionListener">
      <UniqueIdentifier>{814c7162-e1fc-4574-87fd-1d7a7aedbce3}</UniqueIdentifier>
    </Filter>
    <Filter Include="Source\Collision\CollisionUtility">
      <UniqueIdentifier>{b6387be5-7f36-44d3-a693-8bd83b46045a}</UniqueIdentifier>
    </Filter>
    <Filter Include="Source\Asset">
      <UniqueIdentifier>{6dc81c5d-19c9-4c2e-9c55-9690b12689a4}</UniqueIdentifier>
    </Filter>
    <Filter Include="Source\Asset\CMeshManager">
      <UniqueIdentifier>{28872164-f241-406c-b1bf-16e1ec130206}</UniqueIdentifier>
    </Filter>
    <Filter Include="Source\Asset\CSpriteManager">
      <UniqueIdentifier>{4d824f7c-6a0b-4d78-8cd4-3c4e53e170d2}</UniqueIdentifier>
    </Filter>
    <Filter Include="Source\Asset\CEffect">
      <UniqueIdentifier>{e40c6298-c0aa-4516-93c4-44ff036cc619}</UniqueIdentifier>
    </Filter>
    <Filter Include="Source\Asset\CSound">
      <UniqueIdentifier>{270f52a2-ef4a-4c46-ad63-45ddea695be2}</UniqueIdentifier>
    </Filter>
    <Filter Include="Source\Asset\AssetManager">
      <UniqueIdentifier>{c075f51e-0421-40cc-b0ee-fa3175f8c8af}</UniqueIdentifier>
    </Filter>
    <Filter Include="Source\GameObject\StaticMeshObject\Character">
      <UniqueIdentifier>{dcd0ea19-724e-4625-8448-3d91af7dbd22}</UniqueIdentifier>
    </Filter>
    <Filter Include="Source\GameObject\StaticMeshObject\Character\CPlayerManager">
      <UniqueIdentifier>{5a40cc5b-a839-4b53-96bd-d48347f41eb5}</UniqueIdentifier>
    </Filter>
    <Filter Include="Source\GameObject\StaticMeshObject\Character\CPlayerManager\Player">
      <UniqueIdentifier>{040bd5ec-7ee6-45f0-ad0b-b09e571c4f23}</UniqueIdentifier>
    </Filter>
    <Filter Include="Source\Reaction">
      <UniqueIdentifier>{7241ad3f-c316-45f3-a378-3e0e3cfe80e6}</UniqueIdentifier>
    </Filter>
    <Filter Include="Source\Reaction\CBoost">
      <UniqueIdentifier>{dc6498a4-50fd-406e-a6d6-344ddcd52a5a}</UniqueIdentifier>
    </Filter>
    <Filter Include="Source\GameObject\StaticMeshObject\Character\CCloud">
      <UniqueIdentifier>{0cf49058-947e-45bd-9f2c-97e6bb76e6fb}</UniqueIdentifier>
    </Filter>
    <Filter Include="Source\Reaction\CKnockBack">
      <UniqueIdentifier>{e603a93d-fc12-4fb1-bb52-badf703f07ae}</UniqueIdentifier>
    </Filter>
    <Filter Include="Source\Reaction\CReactionManager">
      <UniqueIdentifier>{fde3827b-50b1-4363-875d-19f3346d25d6}</UniqueIdentifier>
    </Filter>
    <Filter Include="Source\Reaction\CReactionApply">
      <UniqueIdentifier>{e5d47ec0-a783-47ba-8c6f-4dec96282301}</UniqueIdentifier>
    </Filter>
    <Filter Include="Source\Reaction\CFiring">
      <UniqueIdentifier>{f9a1cb24-d94b-4fb1-b254-53095f5a8e32}</UniqueIdentifier>
    </Filter>
    <Filter Include="Source\GameObject\StaticMeshObject\Character\CTracking">
      <UniqueIdentifier>{162b7a78-4b19-4c89-b9e7-eb8b17f0c142}</UniqueIdentifier>
    </Filter>
    <Filter Include="Source\GameObject\StaticMeshObject\Character\CTracking\CShot">
      <UniqueIdentifier>{b5086baf-e69c-4efc-a56d-370178f4bf22}</UniqueIdentifier>
    </Filter>
    <Filter Include="Source\GameObject\StaticMeshObject\Character\CTracking\CShot\CShotManager">
      <UniqueIdentifier>{2bd68718-e67d-4b9c-a6eb-2c5d5649bf9d}</UniqueIdentifier>
    </Filter>
    <Filter Include="Source\GameObject\StaticMeshObject\Character\CTracking\CTrackingManager">
      <UniqueIdentifier>{f1ea5456-ab3a-42ea-bf6e-ac46a24a615f}</UniqueIdentifier>
    </Filter>
    <Filter Include="Source\GameObject\StaticMeshObject\Character\CCloud\CCloudManager">
      <UniqueIdentifier>{7917327d-21aa-462f-ab67-bba2e0e25559}</UniqueIdentifier>
    </Filter>
    <Filter Include="Source\GameObject\StaticMeshObject\Character\CTracking\CBalloon">
      <UniqueIdentifier>{0c389e70-facc-4d2e-b5e0-dac537538e06}</UniqueIdentifier>
    </Filter>
    <Filter Include="Source\GameObject\StaticMeshObject\Character\CTracking\CBalloon\CBalloonManager">
      <UniqueIdentifier>{5484e0f3-b273-40be-bdf6-6afd543397fe}</UniqueIdentifier>
    </Filter>
  </ItemGroup>
  <ItemGroup>
    <ClCompile Include="Source\stdafx.cpp">
      <Filter>Source</Filter>
    </ClCompile>
    <ClCompile Include="Source\WinMain.cpp">
      <Filter>Source</Filter>
    </ClCompile>
    <ClCompile Include="Source\Camera\CCamera.cpp">
      <Filter>Source\CCamera</Filter>
    </ClCompile>
    <ClCompile Include="Source\CSV\CSV.cpp">
      <Filter>Source\CSV</Filter>
    </ClCompile>
    <ClCompile Include="Source\Asset\CXInput\CXInput.cpp">
      <Filter>Source\CXInput</Filter>
    </ClCompile>
    <ClCompile Include="Source\DebugText\CDebugText.cpp">
      <Filter>Source\DebugText</Filter>
    </ClCompile>
    <ClCompile Include="Source\DirectX\CDirectX9.cpp">
      <Filter>Source\DirectX</Filter>
    </ClCompile>
    <ClCompile Include="Source\DirectX\CDirectX11.cpp">
      <Filter>Source\DirectX</Filter>
    </ClCompile>
    <ClCompile Include="Source\Asset\Effect\CEffect.cpp">
      <Filter>Source\Asset\CEffect</Filter>
    </ClCompile>
    <ClCompile Include="Source\Asset\Mesh\CMeshManager.cpp">
      <Filter>Source\Asset\CMeshManager</Filter>
    </ClCompile>
    <ClCompile Include="Source\CGameObject\CSkinObject\CSkinMeshObject.cpp">
      <Filter>Source\GameObject\SkinMeshObject</Filter>
    </ClCompile>
    <ClCompile Include="Source\CGameObject\CSpriteObject\CSpriteObject.cpp">
      <Filter>Source\GameObject\SpriteObject\UI</Filter>
    </ClCompile>
    <ClCompile Include="Source\CGameObject\CSpriteObject\CTIme\CTime.cpp">
      <Filter>Source\GameObject\SpriteObject\UI\CTime</Filter>
    </ClCompile>
    <ClCompile Include="Source\CGameObject\CSpriteObject\CFade\CFade.cpp">
      <Filter>Source\GameObject\SpriteObject\UI\CFade</Filter>
    </ClCompile>
    <ClCompile Include="Source\CGameObject\CMeshObject\CStaticMeshObject.cpp">
      <Filter>Source\GameObject\StaticMeshObject</Filter>
    </ClCompile>
    <ClCompile Include="Source\CGameObject\CUIObject\CUIObject.cpp">
      <Filter>Source\GameObject\UIObject</Filter>
    </ClCompile>
    <ClCompile Include="Source\CGameObject\CUIObject\Score\CScoreManager.cpp">
      <Filter>Source\GameObject\UIObject\CScoreManager</Filter>
    </ClCompile>
    <ClCompile Include="Source\CGameObject\CUIObject\Score\CScore.cpp">
      <Filter>Source\GameObject\UIObject\CScoreManager\Score</Filter>
    </ClCompile>
    <ClCompile Include="Source\CGameObject\CUIObject\SelectUI\CSelectUI.cpp">
      <Filter>Source\GameObject\UIObject\CSelectUI</Filter>
    </ClCompile>
    <ClCompile Include="Source\CGameObject\CUIObject\Ranking\CRanking.cpp">
      <Filter>Source\GameObject\UIObject\CRanking</Filter>
    </ClCompile>
    <ClCompile Include="Source\Main\CMain.cpp">
      <Filter>Source\Main</Filter>
    </ClCompile>
    <ClCompile Include="Source\CGameObject\CGameObject.cpp">
      <Filter>Source\GameObject</Filter>
    </ClCompile>
    <ClCompile Include="Source\Scene\CScene.cpp">
      <Filter>Source\Scene</Filter>
    </ClCompile>
    <ClCompile Include="Source\Scene\CGame\CGame.cpp">
      <Filter>Source\Scene\Game</Filter>
    </ClCompile>
    <ClCompile Include="Source\Scene\Title\CTitle.cpp">
      <Filter>Source\Scene\CTitle</Filter>
    </ClCompile>
    <ClCompile Include="Source\Scene\CResult\CResult.cpp">
      <Filter>Source\Scene\CResult</Filter>
    </ClCompile>
    <ClCompile Include="Source\Scene\CSelect\CSelect.cpp">
      <Filter>Source\Scene\CSelect</Filter>
    </ClCompile>
    <ClCompile Include="Source\Scene\SelectText\CSelectText.cpp">
      <Filter>Source\Scene\SelectText</Filter>
    </ClCompile>
    <ClCompile Include="Source\Asset\Mesh\SkinMesh\CSkinMesh.cpp">
      <Filter>Source\SkinMesh</Filter>
    </ClCompile>
    <ClCompile Include="Source\Asset\SoundManager\CSound.cpp">
      <Filter>Source\Asset\CSound</Filter>
    </ClCompile>
    <ClCompile Include="Source\Asset\SoundManager\CSoundManager.cpp">
      <Filter>Source\Asset\CSound</Filter>
    </ClCompile>
    <ClCompile Include="Source\Asset\Mesh\SkinMesh\CSkinMeshParser.cpp">
      <Filter>Source\SkinMesh</Filter>
    </ClCompile>
    <ClCompile Include="Source\Asset\Sprite\Sprite2D\CSprite2D.cpp">
      <Filter>Source\Sprite2D</Filter>
    </ClCompile>
    <ClCompile Include="Source\Asset\Sprite\Sprite3D\CSprite3D.cpp">
      <Filter>Source\Sprite3D</Filter>
    </ClCompile>
    <ClCompile Include="Source\Asset\Mesh\StaticMesh\CStaticMesh.cpp">
      <Filter>Source\StaticMesh</Filter>
    </ClCompile>
    <ClCompile Include="Source\Asset\Sprite\CSpriteManager.cpp">
      <Filter>Source\Asset\CSpriteManager</Filter>
    </ClCompile>
    <ClCompile Include="Source\Scene\SceneManager\SceneManager.cpp">
      <Filter>Source\Scene\SceneManager</Filter>
    </ClCompile>
    <ClCompile Include="Source\Collision\CollisionBase\Collider\Sphere\CollisionSphere.cpp">
      <Filter>Source\Collision\CollsionBase\Collider\Sphere</Filter>
    </ClCompile>
    <ClCompile Include="Source\Collision\CollisionBase\Collider\Capsule\CollisionCapsule.cpp">
      <Filter>Source\Collision\CollsionBase\Collider\Capsule</Filter>
    </ClCompile>
    <ClCompile Include="Source\Collision\CollisionBase\Collider\Box\CollisionBox.cpp">
      <Filter>Source\Collision\CollsionBase\Collider\Box</Filter>
    </ClCompile>
    <ClCompile Include="Source\Collision\BSphere\CBoundingSphere.cpp">
      <Filter>Source\BoundingSphere</Filter>
    </ClCompile>
    <ClCompile Include="Source\Asset\AssetManager\AssetManager.cpp">
      <Filter>Source\Asset\AssetManager</Filter>
    </ClCompile>
    <ClCompile Include="Source\Collision\CollisionManager\CollisionManager.cpp">
      <Filter>Source\Collision\CollisionManager</Filter>
    </ClCompile>
    <ClCompile Include="Source\Collision\CollisionBase\CollisionBase.cpp">
      <Filter>Source\Collision\CollsionBase</Filter>
    </ClCompile>
    <ClCompile Include="Source\Collision\CreateCollider\CreateCollider.cpp">
      <Filter>Source\Collision\CreateCollider</Filter>
    </ClCompile>
    <ClCompile Include="Source\Collision\CollisionUtility\CollisionUtility.cpp">
      <Filter>Source\Collision\CollisionUtility</Filter>
    </ClCompile>
    <ClCompile Include="Source\CGameObject\CMeshObject\CCharacter.cpp">
      <Filter>Source\GameObject\StaticMeshObject\Character</Filter>
    </ClCompile>
    <ClCompile Include="Source\CGameObject\CMeshObject\CPlayer\CPlayerManager.cpp">
      <Filter>Source\GameObject\StaticMeshObject\Character\CPlayerManager</Filter>
    </ClCompile>
    <ClCompile Include="Source\CGameObject\CMeshObject\CPlayer\CPlayer.cpp">
      <Filter>Source\GameObject\StaticMeshObject\Character\CPlayerManager\Player</Filter>
    </ClCompile>
    <ClCompile Include="Source\Reaction\KnockBack\CKnockBack.cpp">
      <Filter>Source\Reaction\CKnockBack</Filter>
    </ClCompile>
    <ClCompile Include="Source\Reaction\CBoost\CBoost.cpp">
      <Filter>Source\Reaction\CBoost</Filter>
    </ClCompile>
    <ClCompile Include="Source\Reaction\CReaction.cpp">
      <Filter>Source\Reaction</Filter>
    </ClCompile>
    <ClCompile Include="Source\Reaction\ReactionManager.cpp">
      <Filter>Source\Reaction\CReactionManager</Filter>
    </ClCompile>
    <ClCompile Include="Source\Reaction\CReactionApply\CReactionFactory.cpp">
      <Filter>Source\Reaction\CReactionApply</Filter>
    </ClCompile>
    <ClCompile Include="Source\Reaction\CFiring\CFiring.cpp">
      <Filter>Source\Reaction\CFiring</Filter>
    </ClCompile>
    <ClCompile Include="Source\CGameObject\CMeshObject\CTracking\CBallun\CBalloon.cpp">
      <Filter>Source\GameObject\StaticMeshObject\Character\CTracking\CBalloon</Filter>
    </ClCompile>
    <ClCompile Include="Source\CGameObject\CMeshObject\CTracking\CShot\CShot.cpp">
      <Filter>Source\GameObject\StaticMeshObject\Character\CTracking\CShot</Filter>
    </ClCompile>
    <ClCompile Include="Source\CGameObject\CMeshObject\CTracking\CTracking.cpp">
      <Filter>Source\GameObject\StaticMeshObject\Character\CTracking</Filter>
    </ClCompile>
    <ClCompile Include="Source\CGameObject\CMeshObject\CTracking\CShot\CShotManager\CShotManager.cpp">
      <Filter>Source\GameObject\StaticMeshObject\Character\CTracking\CShot\CShotManager</Filter>
    </ClCompile>
    <ClCompile Include="Source\CGameObject\CMeshObject\CTracking\CBallun\CBallunManager\CBalloonManager.cpp">
      <Filter>Source\GameObject\StaticMeshObject\Character\CTracking\CBalloon\CBalloonManager</Filter>
    </ClCompile>
    <ClCompile Include="Source\CGameObject\CMeshObject\CCloud\CCloud.cpp">
      <Filter>Source\GameObject\StaticMeshObject\Character\CCloud</Filter>
    </ClCompile>
    <ClCompile Include="Source\CGameObject\CMeshObject\CTracking\CTrackingManager\CTrackingManager.cpp">
      <Filter>Source\GameObject\StaticMeshObject\Character\CTracking\CTrackingManager</Filter>
    </ClCompile>
  </ItemGroup>
  <ItemGroup>
    <ClInclude Include="Source\Global.h">
      <Filter>Source</Filter>
    </ClInclude>
    <ClInclude Include="Source\MyMacro.h">
      <Filter>Source</Filter>
    </ClInclude>
    <ClInclude Include="Source\stdafx.h">
      <Filter>Source</Filter>
    </ClInclude>
    <ClInclude Include="Source\MathUtility.h">
      <Filter>Source</Filter>
    </ClInclude>
    <ClInclude Include="Source\Camera\CCamera.h">
      <Filter>Source\CCamera</Filter>
    </ClInclude>
    <ClInclude Include="Source\CSV\CSV.h">
      <Filter>Source\CSV</Filter>
    </ClInclude>
    <ClInclude Include="Source\Asset\CXInput\CXInput.h">
      <Filter>Source\CXInput</Filter>
    </ClInclude>
    <ClInclude Include="Source\DebugText\CDebugText.h">
      <Filter>Source\DebugText</Filter>
    </ClInclude>
    <ClInclude Include="Source\DirectX\CDirectX9.h">
      <Filter>Source\DirectX</Filter>
    </ClInclude>
    <ClInclude Include="Source\DirectX\CDirectX11.h">
      <Filter>Source\DirectX</Filter>
    </ClInclude>
    <ClInclude Include="Source\Asset\Effect\CEffect.h">
      <Filter>Source\Asset\CEffect</Filter>
    </ClInclude>
    <ClInclude Include="Source\Asset\Mesh\CMeshManager.h">
      <Filter>Source\Asset\CMeshManager</Filter>
    </ClInclude>
    <ClInclude Include="Source\CGameObject\CSkinObject\CSkinMeshObject.h">
      <Filter>Source\GameObject\SkinMeshObject</Filter>
    </ClInclude>
    <ClInclude Include="Source\CGameObject\CSpriteObject\CSpriteObject.h">
      <Filter>Source\GameObject\SpriteObject\UI</Filter>
    </ClInclude>
    <ClInclude Include="Source\CGameObject\CSpriteObject\CTIme\CTime.h">
      <Filter>Source\GameObject\SpriteObject\UI\CTime</Filter>
    </ClInclude>
    <ClInclude Include="Source\CGameObject\CSpriteObject\CFade\CFade.h">
      <Filter>Source\GameObject\SpriteObject\UI\CFade</Filter>
    </ClInclude>
    <ClInclude Include="Source\CGameObject\CUIObject\CUIObject.h">
      <Filter>Source\GameObject\UIObject</Filter>
    </ClInclude>
    <ClInclude Include="Source\CGameObject\CUIObject\Score\CScoreManager.h">
      <Filter>Source\GameObject\UIObject\CScoreManager</Filter>
    </ClInclude>
    <ClInclude Include="Source\CGameObject\CUIObject\Score\CScore.h">
      <Filter>Source\GameObject\UIObject\CScoreManager\Score</Filter>
    </ClInclude>
    <ClInclude Include="Source\CGameObject\CUIObject\SelectUI\CSelectUI.h">
      <Filter>Source\GameObject\UIObject\CSelectUI</Filter>
    </ClInclude>
    <ClInclude Include="Source\CGameObject\CUIObject\Ranking\CRanking.h">
      <Filter>Source\GameObject\UIObject\CRanking</Filter>
    </ClInclude>
    <ClInclude Include="Source\Main\CMain.h">
      <Filter>Source\Main</Filter>
    </ClInclude>
    <ClInclude Include="Source\CGameObject\CGameObject.h">
      <Filter>Source\GameObject</Filter>
    </ClInclude>
    <ClInclude Include="Source\Scene\CGameData.h">
      <Filter>Source\Scene\CGameData</Filter>
    </ClInclude>
    <ClInclude Include="Source\Scene\CScene.h">
      <Filter>Source\Scene</Filter>
    </ClInclude>
    <ClInclude Include="Source\Scene\CGame\CGame.h">
      <Filter>Source\Scene\Game</Filter>
    </ClInclude>
    <ClInclude Include="Source\Scene\Title\CTitle.h">
      <Filter>Source\Scene\CTitle</Filter>
    </ClInclude>
    <ClInclude Include="Source\Scene\CResult\CResult.h">
      <Filter>Source\Scene\CResult</Filter>
    </ClInclude>
    <ClInclude Include="Source\Scene\CSelect\CSelect.h">
      <Filter>Source\Scene\CSelect</Filter>
    </ClInclude>
    <ClInclude Include="Source\Scene\SelectText\CSelectText.h">
      <Filter>Source\Scene\SelectText</Filter>
    </ClInclude>
    <ClInclude Include="Source\Asset\Mesh\SkinMesh\CSkinMesh.h">
      <Filter>Source\SkinMesh</Filter>
    </ClInclude>
    <ClInclude Include="Source\Asset\SoundManager\CSound.h">
      <Filter>Source\Asset\CSound</Filter>
    </ClInclude>
    <ClInclude Include="Source\Asset\SoundManager\CSoundManager.h">
      <Filter>Source\Asset\CSound</Filter>
    </ClInclude>
    <ClInclude Include="Source\Asset\Mesh\SkinMesh\CSkinMeshParser.h">
      <Filter>Source\SkinMesh</Filter>
    </ClInclude>
    <ClInclude Include="Source\Asset\Sprite\Sprite2D\CSprite2D.h">
      <Filter>Source\Sprite2D</Filter>
    </ClInclude>
    <ClInclude Include="Source\Asset\Sprite\Sprite3D\CSprite3D.h">
      <Filter>Source\Sprite3D</Filter>
    </ClInclude>
    <ClInclude Include="Source\Asset\Mesh\StaticMesh\CStaticMesh.h">
      <Filter>Source\StaticMesh</Filter>
    </ClInclude>
    <ClInclude Include="Source\Asset\Sprite\CSpriteManager.h">
      <Filter>Source\Asset\CSpriteManager</Filter>
    </ClInclude>
    <ClInclude Include="Source\Scene\SceneManager\SceneManager.h">
      <Filter>Source\Scene\SceneManager</Filter>
    </ClInclude>
    <ClInclude Include="Source\Collision\CollisionBase\Collider\Sphere\CollisionSphere.h">
      <Filter>Source\Collision\CollsionBase\Collider\Sphere</Filter>
    </ClInclude>
    <ClInclude Include="Source\Collision\CollisionBase\Collider\Capsule\CollisionCapsule.h">
      <Filter>Source\Collision\CollsionBase\Collider\Capsule</Filter>
    </ClInclude>
    <ClInclude Include="Source\Collision\CollisionBase\Collider\Box\CollisionBox.h">
      <Filter>Source\Collision\CollsionBase\Collider\Box</Filter>
    </ClInclude>
    <ClInclude Include="Source\Collision\BSphere\CBoundingSphere.h">
      <Filter>Source\BoundingSphere</Filter>
    </ClInclude>
    <ClInclude Include="Source\Asset\AssetManager\AssetManager.h">
      <Filter>Source\Asset\AssetManager</Filter>
    </ClInclude>
    <ClInclude Include="Source\Collision\CollisionManager\CollisionManager.h">
      <Filter>Source\Collision\CollisionManager</Filter>
    </ClInclude>
    <ClInclude Include="Source\Collision\CollisionBase\CollisionBase.h">
      <Filter>Source\Collision\CollsionBase</Filter>
    </ClInclude>
    <ClInclude Include="Source\Singleton.h">
      <Filter>Source</Filter>
    </ClInclude>
    <ClInclude Include="Source\Collision\CreateCollider\CreateCollider.h">
      <Filter>Source\Collision\CreateCollider</Filter>
    </ClInclude>
    <ClInclude Include="Source\Collision\CollisionListener\CollisionListener.h">
      <Filter>Source\Collision\CollisionListener</Filter>
    </ClInclude>
    <ClInclude Include="Source\Collision\CollisionUtility\CollisionUtility.h">
      <Filter>Source\Collision\CollisionUtility</Filter>
    </ClInclude>
    <ClInclude Include="Source\CGameObject\CMeshObject\CCharacter.h">
      <Filter>Source\GameObject\StaticMeshObject\Character</Filter>
    </ClInclude>
    <ClInclude Include="Source\CGameObject\CMeshObject\CPlayer\CPlayerManager.h">
      <Filter>Source\GameObject\StaticMeshObject\Character\CPlayerManager</Filter>
    </ClInclude>
    <ClInclude Include="Source\CGameObject\CMeshObject\CStaticMeshObject.h">
      <Filter>Source\GameObject\StaticMeshObject</Filter>
    </ClInclude>
    <ClInclude Include="Source\CGameObject\CMeshObject\CCloud\CCloud.h">
      <Filter>Source\GameObject\StaticMeshObject\Character\CCloud</Filter>
    </ClInclude>
    <ClInclude Include="Source\Reaction\CReaction.h">
      <Filter>Source\Reaction</Filter>
    </ClInclude>
    <ClInclude Include="Source\Reaction\CBoost\CBoost.h">
      <Filter>Source\Reaction\CBoost</Filter>
    </ClInclude>
    <ClInclude Include="Source\Reaction\KnockBack\CKnockBack.h">
      <Filter>Source\Reaction\CKnockBack</Filter>
    </ClInclude>
    <ClInclude Include="Source\CGameObject\CMeshObject\CPlayer\CPlayer.h">
      <Filter>Source\GameObject\StaticMeshObject\Character\CPlayerManager\Player</Filter>
    </ClInclude>
    <ClInclude Include="Source\Reaction\ReactionManager.h">
      <Filter>Source\Reaction\CReactionManager</Filter>
    </ClInclude>
    <ClInclude Include="Source\Reaction\CReactionApply\CReactionFactory.h">
      <Filter>Source\Reaction\CReactionApply</Filter>
    </ClInclude>
    <ClInclude Include="Source\Reaction\CFiring\CFiring.h">
      <Filter>Source\Reaction\CFiring</Filter>
    </ClInclude>
    <ClInclude Include="Source\CGameObject\CMeshObject\CTracking\CBallun\CBalloon.h">
      <Filter>Source\GameObject\StaticMeshObject\Character\CTracking\CBalloon</Filter>
    </ClInclude>
    <ClInclude Include="Source\CGameObject\CMeshObject\CTracking\CShot\CShot.h">
      <Filter>Source\GameObject\StaticMeshObject\Character\CTracking\CShot</Filter>
    </ClInclude>
    <ClInclude Include="Source\CGameObject\CMeshObject\CTracking\CTracking.h">
      <Filter>Source\GameObject\StaticMeshObject\Character\CTracking</Filter>
    </ClInclude>
    <ClInclude Include="Source\CGameObject\CMeshObject\CTracking\CShot\CShotManager\CShotManager.h">
      <Filter>Source\GameObject\StaticMeshObject\Character\CTracking\CShot\CShotManager</Filter>
    </ClInclude>
    <ClInclude Include="Source\CGameObject\CMeshObject\CTracking\CBallun\CBallunManager\CBalloonManager.h">
      <Filter>Source\GameObject\StaticMeshObject\Character\CTracking\CBalloon\CBalloonManager</Filter>
    </ClInclude>
    <ClInclude Include="Source\CGameObject\CMeshObject\CTracking\CTrackingManager\CTrackingManager.h">
      <Filter>Source\GameObject\StaticMeshObject\Character\CTracking\CTrackingManager</Filter>
    </ClInclude>
  </ItemGroup>
  <ItemGroup>
    <FxCompile Include="Data\Shader\Sprite3D.hlsl">
      <Filter>Shader</Filter>
    </FxCompile>
    <FxCompile Include="Data\Shader\Sprite2D.hlsl">
      <Filter>Shader</Filter>
    </FxCompile>
    <FxCompile Include="Data\Shader\DebugText.hlsl">
      <Filter>Shader</Filter>
    </FxCompile>
    <FxCompile Include="Data\Shader\StaticMesh.hlsl">
      <Filter>Shader</Filter>
    </FxCompile>
    <FxCompile Include="Data\Shader\SkinMesh.hlsl">
      <Filter>Shader</Filter>
    </FxCompile>
    <FxCompile Include="Data\Shader\Ray.hlsl">
      <Filter>Shader</Filter>
    </FxCompile>
  </ItemGroup>
</Project>